// !$*UTF8*$!
{
	archiveVersion = 1;
	classes = {
	};
	objectVersion = 46;
	objects = {

/* Begin PBXBuildFile section */
		49F7FF401EEBA3FB0029AEE4 /* AppDelegate.swift in Sources */ = {isa = PBXBuildFile; fileRef = 49F7FF3F1EEBA3FB0029AEE4 /* AppDelegate.swift */; };
		49F7FF421EEBA3FB0029AEE4 /* ViewController.swift in Sources */ = {isa = PBXBuildFile; fileRef = 49F7FF411EEBA3FB0029AEE4 /* ViewController.swift */; };
		49F7FF451EEBA3FB0029AEE4 /* Main.storyboard in Resources */ = {isa = PBXBuildFile; fileRef = 49F7FF431EEBA3FB0029AEE4 /* Main.storyboard */; };
		49F7FF471EEBA3FB0029AEE4 /* Assets.xcassets in Resources */ = {isa = PBXBuildFile; fileRef = 49F7FF461EEBA3FB0029AEE4 /* Assets.xcassets */; };
		49F7FF4A1EEBA3FB0029AEE4 /* LaunchScreen.storyboard in Resources */ = {isa = PBXBuildFile; fileRef = 49F7FF481EEBA3FB0029AEE4 /* LaunchScreen.storyboard */; };
		49F7FF551EEBA3FB0029AEE4 /* ACNoonbodyTests.swift in Sources */ = {isa = PBXBuildFile; fileRef = 49F7FF541EEBA3FB0029AEE4 /* ACNoonbodyTests.swift */; };
		49F7FF601EEBA3FB0029AEE4 /* ACNoonbodyUITests.swift in Sources */ = {isa = PBXBuildFile; fileRef = 49F7FF5F1EEBA3FB0029AEE4 /* ACNoonbodyUITests.swift */; };
/* End PBXBuildFile section */

/* Begin PBXContainerItemProxy section */
		49F7FF511EEBA3FB0029AEE4 /* PBXContainerItemProxy */ = {
			isa = PBXContainerItemProxy;
			containerPortal = 49F7FF341EEBA3FB0029AEE4 /* Project object */;
			proxyType = 1;
			remoteGlobalIDString = 49F7FF3B1EEBA3FB0029AEE4;
			remoteInfo = ACNoonbody;
		};
		49F7FF5C1EEBA3FB0029AEE4 /* PBXContainerItemProxy */ = {
			isa = PBXContainerItemProxy;
			containerPortal = 49F7FF341EEBA3FB0029AEE4 /* Project object */;
			proxyType = 1;
			remoteGlobalIDString = 49F7FF3B1EEBA3FB0029AEE4;
			remoteInfo = ACNoonbody;
		};
/* End PBXContainerItemProxy section */

/* Begin PBXFileReference section */
		49F7FF3C1EEBA3FB0029AEE4 /* ACNoonbody.app */ = {isa = PBXFileReference; explicitFileType = wrapper.application; includeInIndex = 0; path = ACNoonbody.app; sourceTree = BUILT_PRODUCTS_DIR; };
		49F7FF3F1EEBA3FB0029AEE4 /* AppDelegate.swift */ = {isa = PBXFileReference; lastKnownFileType = sourcecode.swift; path = AppDelegate.swift; sourceTree = "<group>"; };
		49F7FF411EEBA3FB0029AEE4 /* ViewController.swift */ = {isa = PBXFileReference; lastKnownFileType = sourcecode.swift; path = ViewController.swift; sourceTree = "<group>"; };
		49F7FF441EEBA3FB0029AEE4 /* Base */ = {isa = PBXFileReference; lastKnownFileType = file.storyboard; name = Base; path = Base.lproj/Main.storyboard; sourceTree = "<group>"; };
		49F7FF461EEBA3FB0029AEE4 /* Assets.xcassets */ = {isa = PBXFileReference; lastKnownFileType = folder.assetcatalog; path = Assets.xcassets; sourceTree = "<group>"; };
		49F7FF491EEBA3FB0029AEE4 /* Base */ = {isa = PBXFileReference; lastKnownFileType = file.storyboard; name = Base; path = Base.lproj/LaunchScreen.storyboard; sourceTree = "<group>"; };
		49F7FF4B1EEBA3FB0029AEE4 /* Info.plist */ = {isa = PBXFileReference; lastKnownFileType = text.plist.xml; path = Info.plist; sourceTree = "<group>"; };
		49F7FF501EEBA3FB0029AEE4 /* ACNoonbodyTests.xctest */ = {isa = PBXFileReference; explicitFileType = wrapper.cfbundle; includeInIndex = 0; path = ACNoonbodyTests.xctest; sourceTree = BUILT_PRODUCTS_DIR; };
		49F7FF541EEBA3FB0029AEE4 /* ACNoonbodyTests.swift */ = {isa = PBXFileReference; lastKnownFileType = sourcecode.swift; path = ACNoonbodyTests.swift; sourceTree = "<group>"; };
		49F7FF561EEBA3FB0029AEE4 /* Info.plist */ = {isa = PBXFileReference; lastKnownFileType = text.plist.xml; path = Info.plist; sourceTree = "<group>"; };
		49F7FF5B1EEBA3FB0029AEE4 /* ACNoonbodyUITests.xctest */ = {isa = PBXFileReference; explicitFileType = wrapper.cfbundle; includeInIndex = 0; path = ACNoonbodyUITests.xctest; sourceTree = BUILT_PRODUCTS_DIR; };
		49F7FF5F1EEBA3FB0029AEE4 /* ACNoonbodyUITests.swift */ = {isa = PBXFileReference; lastKnownFileType = sourcecode.swift; path = ACNoonbodyUITests.swift; sourceTree = "<group>"; };
		49F7FF611EEBA3FB0029AEE4 /* Info.plist */ = {isa = PBXFileReference; lastKnownFileType = text.plist.xml; path = Info.plist; sourceTree = "<group>"; };
/* End PBXFileReference section */

/* Begin PBXFrameworksBuildPhase section */
		49F7FF391EEBA3FB0029AEE4 /* Frameworks */ = {
			isa = PBXFrameworksBuildPhase;
			buildActionMask = 2147483647;
			files = (
			);
			runOnlyForDeploymentPostprocessing = 0;
		};
		49F7FF4D1EEBA3FB0029AEE4 /* Frameworks */ = {
			isa = PBXFrameworksBuildPhase;
			buildActionMask = 2147483647;
			files = (
			);
			runOnlyForDeploymentPostprocessing = 0;
		};
		49F7FF581EEBA3FB0029AEE4 /* Frameworks */ = {
			isa = PBXFrameworksBuildPhase;
			buildActionMask = 2147483647;
			files = (
			);
			runOnlyForDeploymentPostprocessing = 0;
		};
/* End PBXFrameworksBuildPhase section */

/* Begin PBXGroup section */
		49F7FF331EEBA3FB0029AEE4 = {
			isa = PBXGroup;
			children = (
				49F7FF3E1EEBA3FB0029AEE4 /* ACNoonbody */,
				49F7FF531EEBA3FB0029AEE4 /* ACNoonbodyTests */,
				49F7FF5E1EEBA3FB0029AEE4 /* ACNoonbodyUITests */,
				49F7FF3D1EEBA3FB0029AEE4 /* Products */,
			);
			sourceTree = "<group>";
		};
		49F7FF3D1EEBA3FB0029AEE4 /* Products */ = {
			isa = PBXGroup;
			children = (
				49F7FF3C1EEBA3FB0029AEE4 /* ACNoonbody.app */,
				49F7FF501EEBA3FB0029AEE4 /* ACNoonbodyTests.xctest */,
				49F7FF5B1EEBA3FB0029AEE4 /* ACNoonbodyUITests.xctest */,
			);
			name = Products;
			sourceTree = "<group>";
		};
		49F7FF3E1EEBA3FB0029AEE4 /* ACNoonbody */ = {
			isa = PBXGroup;
			children = (
				49F7FF3F1EEBA3FB0029AEE4 /* AppDelegate.swift */,
				49F7FF411EEBA3FB0029AEE4 /* ViewController.swift */,
				49F7FF431EEBA3FB0029AEE4 /* Main.storyboard */,
				49F7FF461EEBA3FB0029AEE4 /* Assets.xcassets */,
				49F7FF481EEBA3FB0029AEE4 /* LaunchScreen.storyboard */,
				49F7FF4B1EEBA3FB0029AEE4 /* Info.plist */,
			);
			path = ACNoonbody;
			sourceTree = "<group>";
		};
		49F7FF531EEBA3FB0029AEE4 /* ACNoonbodyTests */ = {
			isa = PBXGroup;
			children = (
				49F7FF541EEBA3FB0029AEE4 /* ACNoonbodyTests.swift */,
				49F7FF561EEBA3FB0029AEE4 /* Info.plist */,
			);
			path = ACNoonbodyTests;
			sourceTree = "<group>";
		};
		49F7FF5E1EEBA3FB0029AEE4 /* ACNoonbodyUITests */ = {
			isa = PBXGroup;
			children = (
				49F7FF5F1EEBA3FB0029AEE4 /* ACNoonbodyUITests.swift */,
				49F7FF611EEBA3FB0029AEE4 /* Info.plist */,
			);
			path = ACNoonbodyUITests;
			sourceTree = "<group>";
		};
/* End PBXGroup section */

/* Begin PBXNativeTarget section */
		49F7FF3B1EEBA3FB0029AEE4 /* ACNoonbody */ = {
			isa = PBXNativeTarget;
			buildConfigurationList = 49F7FF641EEBA3FB0029AEE4 /* Build configuration list for PBXNativeTarget "ACNoonbody" */;
			buildPhases = (
				49F7FF381EEBA3FB0029AEE4 /* Sources */,
				49F7FF391EEBA3FB0029AEE4 /* Frameworks */,
				49F7FF3A1EEBA3FB0029AEE4 /* Resources */,
			);
			buildRules = (
			);
			dependencies = (
			);
			name = ACNoonbody;
			productName = ACNoonbody;
			productReference = 49F7FF3C1EEBA3FB0029AEE4 /* ACNoonbody.app */;
			productType = "com.apple.product-type.application";
		};
		49F7FF4F1EEBA3FB0029AEE4 /* ACNoonbodyTests */ = {
			isa = PBXNativeTarget;
			buildConfigurationList = 49F7FF671EEBA3FB0029AEE4 /* Build configuration list for PBXNativeTarget "ACNoonbodyTests" */;
			buildPhases = (
				49F7FF4C1EEBA3FB0029AEE4 /* Sources */,
				49F7FF4D1EEBA3FB0029AEE4 /* Frameworks */,
				49F7FF4E1EEBA3FB0029AEE4 /* Resources */,
			);
			buildRules = (
			);
			dependencies = (
				49F7FF521EEBA3FB0029AEE4 /* PBXTargetDependency */,
			);
			name = ACNoonbodyTests;
			productName = ACNoonbodyTests;
			productReference = 49F7FF501EEBA3FB0029AEE4 /* ACNoonbodyTests.xctest */;
			productType = "com.apple.product-type.bundle.unit-test";
		};
		49F7FF5A1EEBA3FB0029AEE4 /* ACNoonbodyUITests */ = {
			isa = PBXNativeTarget;
			buildConfigurationList = 49F7FF6A1EEBA3FB0029AEE4 /* Build configuration list for PBXNativeTarget "ACNoonbodyUITests" */;
			buildPhases = (
				49F7FF571EEBA3FB0029AEE4 /* Sources */,
				49F7FF581EEBA3FB0029AEE4 /* Frameworks */,
				49F7FF591EEBA3FB0029AEE4 /* Resources */,
			);
			buildRules = (
			);
			dependencies = (
				49F7FF5D1EEBA3FB0029AEE4 /* PBXTargetDependency */,
			);
			name = ACNoonbodyUITests;
			productName = ACNoonbodyUITests;
			productReference = 49F7FF5B1EEBA3FB0029AEE4 /* ACNoonbodyUITests.xctest */;
			productType = "com.apple.product-type.bundle.ui-testing";
		};
/* End PBXNativeTarget section */

/* Begin PBXProject section */
		49F7FF341EEBA3FB0029AEE4 /* Project object */ = {
			isa = PBXProject;
			attributes = {
				LastSwiftUpdateCheck = 0830;
				LastUpgradeCheck = 0830;
				ORGANIZATIONNAME = DevKang;
				TargetAttributes = {
					49F7FF3B1EEBA3FB0029AEE4 = {
						CreatedOnToolsVersion = 8.3.2;
						DevelopmentTeam = 2B2B4NCTA5;
						ProvisioningStyle = Automatic;
					};
					49F7FF4F1EEBA3FB0029AEE4 = {
						CreatedOnToolsVersion = 8.3.2;
						DevelopmentTeam = 2B2B4NCTA5;
						ProvisioningStyle = Automatic;
						TestTargetID = 49F7FF3B1EEBA3FB0029AEE4;
					};
					49F7FF5A1EEBA3FB0029AEE4 = {
						CreatedOnToolsVersion = 8.3.2;
						DevelopmentTeam = 2B2B4NCTA5;
						ProvisioningStyle = Automatic;
						TestTargetID = 49F7FF3B1EEBA3FB0029AEE4;
					};
				};
			};
			buildConfigurationList = 49F7FF371EEBA3FB0029AEE4 /* Build configuration list for PBXProject "ACNoonbody" */;
			compatibilityVersion = "Xcode 3.2";
			developmentRegion = English;
			hasScannedForEncodings = 0;
			knownRegions = (
				en,
				Base,
			);
			mainGroup = 49F7FF331EEBA3FB0029AEE4;
			productRefGroup = 49F7FF3D1EEBA3FB0029AEE4 /* Products */;
			projectDirPath = "";
			projectRoot = "";
			targets = (
				49F7FF3B1EEBA3FB0029AEE4 /* ACNoonbody */,
				49F7FF4F1EEBA3FB0029AEE4 /* ACNoonbodyTests */,
				49F7FF5A1EEBA3FB0029AEE4 /* ACNoonbodyUITests */,
			);
		};
/* End PBXProject section */

/* Begin PBXResourcesBuildPhase section */
		49F7FF3A1EEBA3FB0029AEE4 /* Resources */ = {
			isa = PBXResourcesBuildPhase;
			buildActionMask = 2147483647;
			files = (
				49F7FF4A1EEBA3FB0029AEE4 /* LaunchScreen.storyboard in Resources */,
				49F7FF471EEBA3FB0029AEE4 /* Assets.xcassets in Resources */,
				49F7FF451EEBA3FB0029AEE4 /* Main.storyboard in Resources */,
			);
			runOnlyForDeploymentPostprocessing = 0;
		};
		49F7FF4E1EEBA3FB0029AEE4 /* Resources */ = {
			isa = PBXResourcesBuildPhase;
			buildActionMask = 2147483647;
			files = (
			);
			runOnlyForDeploymentPostprocessing = 0;
		};
		49F7FF591EEBA3FB0029AEE4 /* Resources */ = {
			isa = PBXResourcesBuildPhase;
			buildActionMask = 2147483647;
			files = (
			);
			runOnlyForDeploymentPostprocessing = 0;
		};
/* End PBXResourcesBuildPhase section */

/* Begin PBXSourcesBuildPhase section */
		49F7FF381EEBA3FB0029AEE4 /* Sources */ = {
			isa = PBXSourcesBuildPhase;
			buildActionMask = 2147483647;
			files = (
				49F7FF421EEBA3FB0029AEE4 /* ViewController.swift in Sources */,
				49F7FF401EEBA3FB0029AEE4 /* AppDelegate.swift in Sources */,
			);
			runOnlyForDeploymentPostprocessing = 0;
		};
		49F7FF4C1EEBA3FB0029AEE4 /* Sources */ = {
			isa = PBXSourcesBuildPhase;
			buildActionMask = 2147483647;
			files = (
				49F7FF551EEBA3FB0029AEE4 /* ACNoonbodyTests.swift in Sources */,
			);
			runOnlyForDeploymentPostprocessing = 0;
		};
		49F7FF571EEBA3FB0029AEE4 /* Sources */ = {
			isa = PBXSourcesBuildPhase;
			buildActionMask = 2147483647;
			files = (
				49F7FF601EEBA3FB0029AEE4 /* ACNoonbodyUITests.swift in Sources */,
			);
			runOnlyForDeploymentPostprocessing = 0;
		};
/* End PBXSourcesBuildPhase section */

/* Begin PBXTargetDependency section */
		49F7FF521EEBA3FB0029AEE4 /* PBXTargetDependency */ = {
			isa = PBXTargetDependency;
			target = 49F7FF3B1EEBA3FB0029AEE4 /* ACNoonbody */;
			targetProxy = 49F7FF511EEBA3FB0029AEE4 /* PBXContainerItemProxy */;
		};
		49F7FF5D1EEBA3FB0029AEE4 /* PBXTargetDependency */ = {
			isa = PBXTargetDependency;
			target = 49F7FF3B1EEBA3FB0029AEE4 /* ACNoonbody */;
			targetProxy = 49F7FF5C1EEBA3FB0029AEE4 /* PBXContainerItemProxy */;
		};
/* End PBXTargetDependency section */

/* Begin PBXVariantGroup section */
		49F7FF431EEBA3FB0029AEE4 /* Main.storyboard */ = {
			isa = PBXVariantGroup;
			children = (
				49F7FF441EEBA3FB0029AEE4 /* Base */,
			);
			name = Main.storyboard;
			sourceTree = "<group>";
		};
		49F7FF481EEBA3FB0029AEE4 /* LaunchScreen.storyboard */ = {
			isa = PBXVariantGroup;
			children = (
				49F7FF491EEBA3FB0029AEE4 /* Base */,
			);
			name = LaunchScreen.storyboard;
			sourceTree = "<group>";
		};
/* End PBXVariantGroup section */

/* Begin XCBuildConfiguration section */
		49F7FF621EEBA3FB0029AEE4 /* Debug */ = {
			isa = XCBuildConfiguration;
			buildSettings = {
				ALWAYS_SEARCH_USER_PATHS = NO;
				CLANG_ANALYZER_NONNULL = YES;
				CLANG_ANALYZER_NUMBER_OBJECT_CONVERSION = YES_AGGRESSIVE;
				CLANG_CXX_LANGUAGE_STANDARD = "gnu++0x";
				CLANG_CXX_LIBRARY = "libc++";
				CLANG_ENABLE_MODULES = YES;
				CLANG_ENABLE_OBJC_ARC = YES;
				CLANG_WARN_BOOL_CONVERSION = YES;
				CLANG_WARN_CONSTANT_CONVERSION = YES;
				CLANG_WARN_DIRECT_OBJC_ISA_USAGE = YES_ERROR;
				CLANG_WARN_DOCUMENTATION_COMMENTS = YES;
				CLANG_WARN_EMPTY_BODY = YES;
				CLANG_WARN_ENUM_CONVERSION = YES;
				CLANG_WARN_INFINITE_RECURSION = YES;
				CLANG_WARN_INT_CONVERSION = YES;
				CLANG_WARN_OBJC_ROOT_CLASS = YES_ERROR;
				CLANG_WARN_SUSPICIOUS_MOVE = YES;
				CLANG_WARN_UNREACHABLE_CODE = YES;
				CLANG_WARN__DUPLICATE_METHOD_MATCH = YES;
				"CODE_SIGN_IDENTITY[sdk=iphoneos*]" = "iPhone Developer";
				COPY_PHASE_STRIP = NO;
				DEBUG_INFORMATION_FORMAT = dwarf;
				ENABLE_STRICT_OBJC_MSGSEND = YES;
				ENABLE_TESTABILITY = YES;
				GCC_C_LANGUAGE_STANDARD = gnu99;
				GCC_DYNAMIC_NO_PIC = NO;
				GCC_NO_COMMON_BLOCKS = YES;
				GCC_OPTIMIZATION_LEVEL = 0;
				GCC_PREPROCESSOR_DEFINITIONS = (
					"DEBUG=1",
					"$(inherited)",
				);
				GCC_WARN_64_TO_32_BIT_CONVERSION = YES;
				GCC_WARN_ABOUT_RETURN_TYPE = YES_ERROR;
				GCC_WARN_UNDECLARED_SELECTOR = YES;
				GCC_WARN_UNINITIALIZED_AUTOS = YES_AGGRESSIVE;
				GCC_WARN_UNUSED_FUNCTION = YES;
				GCC_WARN_UNUSED_VARIABLE = YES;
				IPHONEOS_DEPLOYMENT_TARGET = 10.3;
				MTL_ENABLE_DEBUG_INFO = YES;
				ONLY_ACTIVE_ARCH = YES;
				SDKROOT = iphoneos;
				SWIFT_ACTIVE_COMPILATION_CONDITIONS = DEBUG;
				SWIFT_OPTIMIZATION_LEVEL = "-Onone";
				TARGETED_DEVICE_FAMILY = "1,2";
			};
			name = Debug;
		};
		49F7FF631EEBA3FB0029AEE4 /* Release */ = {
			isa = XCBuildConfiguration;
			buildSettings = {
				ALWAYS_SEARCH_USER_PATHS = NO;
				CLANG_ANALYZER_NONNULL = YES;
				CLANG_ANALYZER_NUMBER_OBJECT_CONVERSION = YES_AGGRESSIVE;
				CLANG_CXX_LANGUAGE_STANDARD = "gnu++0x";
				CLANG_CXX_LIBRARY = "libc++";
				CLANG_ENABLE_MODULES = YES;
				CLANG_ENABLE_OBJC_ARC = YES;
				CLANG_WARN_BOOL_CONVERSION = YES;
				CLANG_WARN_CONSTANT_CONVERSION = YES;
				CLANG_WARN_DIRECT_OBJC_ISA_USAGE = YES_ERROR;
				CLANG_WARN_DOCUMENTATION_COMMENTS = YES;
				CLANG_WARN_EMPTY_BODY = YES;
				CLANG_WARN_ENUM_CONVERSION = YES;
				CLANG_WARN_INFINITE_RECURSION = YES;
				CLANG_WARN_INT_CONVERSION = YES;
				CLANG_WARN_OBJC_ROOT_CLASS = YES_ERROR;
				CLANG_WARN_SUSPICIOUS_MOVE = YES;
				CLANG_WARN_UNREACHABLE_CODE = YES;
				CLANG_WARN__DUPLICATE_METHOD_MATCH = YES;
				"CODE_SIGN_IDENTITY[sdk=iphoneos*]" = "iPhone Developer";
				COPY_PHASE_STRIP = NO;
				DEBUG_INFORMATION_FORMAT = "dwarf-with-dsym";
				ENABLE_NS_ASSERTIONS = NO;
				ENABLE_STRICT_OBJC_MSGSEND = YES;
				GCC_C_LANGUAGE_STANDARD = gnu99;
				GCC_NO_COMMON_BLOCKS = YES;
				GCC_WARN_64_TO_32_BIT_CONVERSION = YES;
				GCC_WARN_ABOUT_RETURN_TYPE = YES_ERROR;
				GCC_WARN_UNDECLARED_SELECTOR = YES;
				GCC_WARN_UNINITIALIZED_AUTOS = YES_AGGRESSIVE;
				GCC_WARN_UNUSED_FUNCTION = YES;
				GCC_WARN_UNUSED_VARIABLE = YES;
				IPHONEOS_DEPLOYMENT_TARGET = 10.3;
				MTL_ENABLE_DEBUG_INFO = NO;
				SDKROOT = iphoneos;
				SWIFT_OPTIMIZATION_LEVEL = "-Owholemodule";
				TARGETED_DEVICE_FAMILY = "1,2";
				VALIDATE_PRODUCT = YES;
			};
			name = Release;
		};
		49F7FF651EEBA3FB0029AEE4 /* Debug */ = {
			isa = XCBuildConfiguration;
			buildSettings = {
				ASSETCATALOG_COMPILER_APPICON_NAME = AppIcon;
				DEVELOPMENT_TEAM = 2B2B4NCTA5;
				INFOPLIST_FILE = ACNoonbody/Info.plist;
				LD_RUNPATH_SEARCH_PATHS = "$(inherited) @executable_path/Frameworks";
				PRODUCT_BUNDLE_IDENTIFIER = com.studio.markers.ACNoonbody;
				PRODUCT_NAME = "$(TARGET_NAME)";
				SWIFT_VERSION = 3.0;
			};
			name = Debug;
		};
		49F7FF661EEBA3FB0029AEE4 /* Release */ = {
			isa = XCBuildConfiguration;
			buildSettings = {
				ASSETCATALOG_COMPILER_APPICON_NAME = AppIcon;
				DEVELOPMENT_TEAM = 2B2B4NCTA5;
				INFOPLIST_FILE = ACNoonbody/Info.plist;
				LD_RUNPATH_SEARCH_PATHS = "$(inherited) @executable_path/Frameworks";
				PRODUCT_BUNDLE_IDENTIFIER = com.studio.markers.ACNoonbody;
				PRODUCT_NAME = "$(TARGET_NAME)";
				SWIFT_VERSION = 3.0;
			};
			name = Release;
		};
		49F7FF681EEBA3FB0029AEE4 /* Debug */ = {
			isa = XCBuildConfiguration;
			buildSettings = {
				ALWAYS_EMBED_SWIFT_STANDARD_LIBRARIES = YES;
				BUNDLE_LOADER = "$(TEST_HOST)";
				DEVELOPMENT_TEAM = 2B2B4NCTA5;
				INFOPLIST_FILE = ACNoonbodyTests/Info.plist;
				LD_RUNPATH_SEARCH_PATHS = "$(inherited) @executable_path/Frameworks @loader_path/Frameworks";
				PRODUCT_BUNDLE_IDENTIFIER = com.studio.markers.ACNoonbodyTests;
				PRODUCT_NAME = "$(TARGET_NAME)";
				SWIFT_VERSION = 3.0;
				TEST_HOST = "$(BUILT_PRODUCTS_DIR)/ACNoonbody.app/ACNoonbody";
			};
			name = Debug;
		};
		49F7FF691EEBA3FB0029AEE4 /* Release */ = {
			isa = XCBuildConfiguration;
			buildSettings = {
				ALWAYS_EMBED_SWIFT_STANDARD_LIBRARIES = YES;
				BUNDLE_LOADER = "$(TEST_HOST)";
				DEVELOPMENT_TEAM = 2B2B4NCTA5;
				INFOPLIST_FILE = ACNoonbodyTests/Info.plist;
				LD_RUNPATH_SEARCH_PATHS = "$(inherited) @executable_path/Frameworks @loader_path/Frameworks";
				PRODUCT_BUNDLE_IDENTIFIER = com.studio.markers.ACNoonbodyTests;
				PRODUCT_NAME = "$(TARGET_NAME)";
				SWIFT_VERSION = 3.0;
				TEST_HOST = "$(BUILT_PRODUCTS_DIR)/ACNoonbody.app/ACNoonbody";
			};
			name = Release;
		};
		49F7FF6B1EEBA3FB0029AEE4 /* Debug */ = {
			isa = XCBuildConfiguration;
			buildSettings = {
				ALWAYS_EMBED_SWIFT_STANDARD_LIBRARIES = YES;
				DEVELOPMENT_TEAM = 2B2B4NCTA5;
				INFOPLIST_FILE = ACNoonbodyUITests/Info.plist;
				LD_RUNPATH_SEARCH_PATHS = "$(inherited) @executable_path/Frameworks @loader_path/Frameworks";
				PRODUCT_BUNDLE_IDENTIFIER = com.studio.markers.ACNoonbodyUITests;
				PRODUCT_NAME = "$(TARGET_NAME)";
				SWIFT_VERSION = 3.0;
				TEST_TARGET_NAME = ACNoonbody;
			};
			name = Debug;
		};
		49F7FF6C1EEBA3FB0029AEE4 /* Release */ = {
			isa = XCBuildConfiguration;
			buildSettings = {
				ALWAYS_EMBED_SWIFT_STANDARD_LIBRARIES = YES;
				DEVELOPMENT_TEAM = 2B2B4NCTA5;
				INFOPLIST_FILE = ACNoonbodyUITests/Info.plist;
				LD_RUNPATH_SEARCH_PATHS = "$(inherited) @executable_path/Frameworks @loader_path/Frameworks";
				PRODUCT_BUNDLE_IDENTIFIER = com.studio.markers.ACNoonbodyUITests;
				PRODUCT_NAME = "$(TARGET_NAME)";
				SWIFT_VERSION = 3.0;
				TEST_TARGET_NAME = ACNoonbody;
			};
			name = Release;
		};
/* End XCBuildConfiguration section */

/* Begin XCConfigurationList section */
		49F7FF371EEBA3FB0029AEE4 /* Build configuration list for PBXProject "ACNoonbody" */ = {
			isa = XCConfigurationList;
			buildConfigurations = (
				49F7FF621EEBA3FB0029AEE4 /* Debug */,
				49F7FF631EEBA3FB0029AEE4 /* Release */,
			);
			defaultConfigurationIsVisible = 0;
			defaultConfigurationName = Release;
		};
		49F7FF641EEBA3FB0029AEE4 /* Build configuration list for PBXNativeTarget "ACNoonbody" */ = {
			isa = XCConfigurationList;
			buildConfigurations = (
				49F7FF651EEBA3FB0029AEE4 /* Debug */,
				49F7FF661EEBA3FB0029AEE4 /* Release */,
			);
			defaultConfigurationIsVisible = 0;
		};
		49F7FF671EEBA3FB0029AEE4 /* Build configuration list for PBXNativeTarget "ACNoonbodyTests" */ = {
			isa = XCConfigurationList;
			buildConfigurations = (
				49F7FF681EEBA3FB0029AEE4 /* Debug */,
				49F7FF691EEBA3FB0029AEE4 /* Release */,
			);
			defaultConfigurationIsVisible = 0;
		};
		49F7FF6A1EEBA3FB0029AEE4 /* Build configuration list for PBXNativeTarget "ACNoonbodyUITests" */ = {
			isa = XCConfigurationList;
			buildConfigurations = (
				49F7FF6B1EEBA3FB0029AEE4 /* Debug */,
				49F7FF6C1EEBA3FB0029AEE4 /* Release */,
			);
			defaultConfigurationIsVisible = 0;
		};
/* End XCConfigurationList section */
	};
	rootObject = 49F7FF341EEBA3FB0029AEE4 /* Project object */;
}
